
Microsoft Visual Studio Solution File, Format Version 12.00
# Visual Studio Version 17
VisualStudioVersion = 17.9.34728.123
MinimumVisualStudioVersion = 10.0.40219.1
Project("{FAE04EC0-301F-11D3-BF4B-00C04F79EFBC}") = "puzzles", "puzzles.csproj", "{288A682E-1ADF-466A-BD92-F80ABA9E117C}"
EndProject
Global
	GlobalSection(SolutionConfigurationPlatforms) = preSolution
		Debug|Any CPU = Debug|Any CPU
		Release|Any CPU = Release|Any CPU
	EndGlobalSection
	GlobalSection(ProjectConfigurationPlatforms) = postSolution
		{288A682E-1ADF-466A-BD92-F80ABA9E117C}.Debug|Any CPU.ActiveCfg = Debug|Any CPU
		{288A682E-1ADF-466A-BD92-F80ABA9E117C}.Debug|Any CPU.Build.0 = Debug|Any CPU
		{288A682E-1ADF-466A-BD92-F80ABA9E117C}.Release|Any CPU.ActiveCfg = Release|Any CPU
		{288A682E-1ADF-466A-BD92-F80ABA9E117C}.Release|Any CPU.Build.0 = Release|Any CPU
	EndGlobalSection
	GlobalSection(SolutionProperties) = preSolution
		HideSolutionNode = FALSE
	EndGlobalSection
	GlobalSection(ExtensibilityGlobals) = postSolution
		SolutionGuid = {8061D75B-6777-4D2C-9FC7-4C4609983E4D}
	EndGlobalSection
EndGlobal
